{
  "version": 4,
  "terraform_version": "1.3.7",
  "serial": 35,
  "lineage": "5bce6903-f86a-03b1-1dd4-77e2e15889ee",
  "outputs": {},
  "resources": [
    {
      "mode": "managed",
      "type": "azurerm_resource_group",
      "name": "example",
      "provider": "provider[\"registry.terraform.io/hashicorp/azurerm\"]",
      "instances": [
        {
          "schema_version": 0,
          "attributes": {
            "id": "/subscriptions/73c88c31-75c8-431c-b685-d4a524b6e90b/resourceGroups/example-resource-group-tenant",
            "location": "eastus2",
            "name": "example-resource-group-tenant",
            "tags": {},
            "timeouts": null
          },
          "sensitive_attributes": [],
          "private": "eyJlMmJmYjczMC1lY2FhLTExZTYtOGY4OC0zNDM2M2JjN2M0YzAiOnsiY3JlYXRlIjo1NDAwMDAwMDAwMDAwLCJkZWxldGUiOjU0MDAwMDAwMDAwMDAsInJlYWQiOjMwMDAwMDAwMDAwMCwidXBkYXRlIjo1NDAwMDAwMDAwMDAwfX0="
        }
      ]
    },
    {
      "mode": "managed",
      "type": "azurerm_virtual_machine",
      "name": "example",
      "provider": "provider[\"registry.terraform.io/hashicorp/azurerm\"]",
      "instances": [
        {
          "schema_version": 0,
          "attributes": {
            "additional_capabilities": [],
            "availability_set_id": null,
            "boot_diagnostics": [],
            "delete_data_disks_on_termination": false,
            "delete_os_disk_on_termination": false,
            "id": "/subscriptions/b769a559-e8c9-4236-a79b-40c2a654a68c/resourceGroups/example-resource-group-tenant/providers/Microsoft.Compute/virtualMachines/example-vm-3",
            "identity": [],
            "license_type": null,
            "location": "eastus2",
            "name": "example-vm-3",
            "network_interface_ids": [
              "/subscriptions/b769a559-e8c9-4236-a79b-40c2a654a68c/resourceGroups/example-resource-group-tenant/providers/Microsoft.Network/networkInterfaces/example-vm567"
            ],
            "os_profile": [
              {
                "admin_password": "@Password@123",
                "admin_username": "azureuser",
                "computer_name": "example",
                "custom_data": "23a2f51a14b85643ffc52f7241a6a4aafad8862f"
              }
            ],
            "os_profile_linux_config": [
              {
                "disable_password_authentication": false,
                "ssh_keys": []
              }
            ],
            "os_profile_secrets": [],
            "os_profile_windows_config": [],
            "plan": [],
            "primary_network_interface_id": null,
            "proximity_placement_group_id": null,
            "resource_group_name": "example-resource-group-tenant",
            "storage_data_disk": [],
            "storage_image_reference": [
              {
                "id": "",
                "offer": "UbuntuServer",
                "publisher": "Canonical",
                "sku": "18.04-LTS",
                "version": "latest"
              }
            ],
            "storage_os_disk": [
              {
                "caching": "ReadWrite",
                "create_option": "FromImage",
                "disk_size_gb": 30,
                "image_uri": "",
                "managed_disk_id": "/subscriptions/b769a559-e8c9-4236-a79b-40c2a654a68c/resourceGroups/example-resource-group-tenant/providers/Microsoft.Compute/disks/example-vm-3",
                "managed_disk_type": "Standard_LRS",
                "name": "example-vm-3",
                "os_type": "Linux",
                "vhd_uri": "",
                "write_accelerator_enabled": false
              }
            ],
            "tags": null,
            "timeouts": null,
            "vm_size": "Standard_B2s",
            "zones": null
          },
          "sensitive_attributes": [],
          "private": "eyJlMmJmYjczMC1lY2FhLTExZTYtOGY4OC0zNDM2M2JjN2M0YzAiOnsiY3JlYXRlIjozNjAwMDAwMDAwMDAwLCJkZWxldGUiOjM2MDAwMDAwMDAwMDAsInJlYWQiOjMwMDAwMDAwMDAwMCwidXBkYXRlIjozNjAwMDAwMDAwMDAwfX0=",
          "dependencies": [
            "azurerm_resource_group.example"
          ]
        }
      ]
    }
  ],
  "check_results": null
}
