{
  "version": 4,
  "terraform_version": "1.3.7",
  "serial": 5,
  "lineage": "66721049-b6d4-1601-b353-75366c491e34",
  "outputs": {},
  "resources": [
    {
      "mode": "data",
      "type": "oci_identity_availability_domains",
      "name": "test_availability_domains",
      "provider": "provider[\"registry.terraform.io/hashicorp/oci\"]",
      "instances": [
        {
          "schema_version": 0,
          "attributes": {
            "availability_domains": [
              {
                "compartment_id": "ocid1.tenancy.oc1..aaaaaaaa3buw5rphispxszgpp4lg5na2owmm72q67kim4g5mailn3u3sukla",
                "id": "ocid1.availabilitydomain.oc1..aaaaaaaawshktv3wktr5rplplpshn5vsugutbhicqc2mwwg27nwhpflsvzza",
                "name": "Yyni:CA-TORONTO-1-AD-1"
              }
            ],
            "compartment_id": "ocid1.tenancy.oc1..aaaaaaaa3buw5rphispxszgpp4lg5na2owmm72q67kim4g5mailn3u3sukla",
            "filter": null,
            "id": "IdentityAvailabilityDomainsDataSource-2871317404"
          },
          "sensitive_attributes": []
        }
      ]
    },
    {
      "mode": "managed",
      "type": "oci_core_instance",
      "name": "example_instance",
      "provider": "provider[\"registry.terraform.io/hashicorp/oci\"]",
      "instances": [
        {
          "schema_version": 0,
          "attributes": {
            "agent_config": [
              {
                "are_all_plugins_disabled": false,
                "is_management_disabled": false,
                "is_monitoring_disabled": false,
                "plugins_config": []
              }
            ],
            "async": null,
            "availability_config": [
              {
                "is_live_migration_preferred": false,
                "recovery_action": "RESTORE_INSTANCE"
              }
            ],
            "availability_domain": "Yyni:CA-TORONTO-1-AD-1",
            "boot_volume_id": "ocid1.bootvolume.oc1.ca-toronto-1.ab2g6ljrna2ka42xaxjmsus55ah2rzrrmnyzaluvzn4m2pibnhud5qrrf2oa",
            "capacity_reservation_id": null,
            "compartment_id": "ocid1.tenancy.oc1..aaaaaaaa3buw5rphispxszgpp4lg5na2owmm72q67kim4g5mailn3u3sukla",
            "create_vnic_details": [
              {
                "assign_private_dns_record": false,
                "assign_public_ip": "true",
                "defined_tags": {
                  "Oracle-Tags.CreatedBy": "default/ricardo.v.chacon@gmail.com",
                  "Oracle-Tags.CreatedOn": "2023-03-24T03:29:10.244Z"
                },
                "display_name": "example_instance",
                "freeform_tags": {},
                "hostname_label": "example-instance",
                "nsg_ids": [],
                "private_ip": "10.0.0.233",
                "skip_source_dest_check": false,
                "subnet_id": "ocid1.subnet.oc1.ca-toronto-1.aaaaaaaamsotegmgc47oufhz367fiocmzf5huk2dend573xx7dyjz47ibbga",
                "vlan_id": ""
              }
            ],
            "dedicated_vm_host_id": null,
            "defined_tags": {
              "Oracle-Tags.CreatedBy": "default/ricardo.v.chacon@gmail.com",
              "Oracle-Tags.CreatedOn": "2023-03-24T03:29:10.096Z"
            },
            "display_name": "example_instance",
            "extended_metadata": null,
            "fault_domain": "FAULT-DOMAIN-3",
            "freeform_tags": {},
            "hostname_label": "example-instance",
            "id": "ocid1.instance.oc1.ca-toronto-1.an2g6ljrgplwvjqcej5yvnbrflkma725u6enxujgeywnsveorqzwp7hdwuaa",
            "image": "ocid1.image.oc1.ca-toronto-1.aaaaaaaaybil2cgxoj2lq5nuxquiuy3efqcgi673htzptsdmbasvtrwm7sra",
            "instance_options": [
              {
                "are_legacy_imds_endpoints_disabled": false
              }
            ],
            "ipxe_script": null,
            "is_pv_encryption_in_transit_enabled": null,
            "launch_mode": "PARAVIRTUALIZED",
            "launch_options": [
              {
                "boot_volume_type": "PARAVIRTUALIZED",
                "firmware": "UEFI_64",
                "is_consistent_volume_naming_enabled": true,
                "is_pv_encryption_in_transit_enabled": false,
                "network_type": "PARAVIRTUALIZED",
                "remote_data_volume_type": "PARAVIRTUALIZED"
              }
            ],
            "metadata": {
              "ssh_authorized_keys": "ssh-rsa AAAAB3NzaC1yc2EAAAADAQABAAACAQDJX/D/bCb7Q4n1kcymiN7Hryl+c3BUNzwvE5lBu47AwNPc3ncXR6Jaa/9m0J866rodmC6qEo454p4JZJ50JHWKSHQoKbDYxXSm6hb5WNJpmiZudzoM5GpfPtiqCXIhnLvtUWbkhRdwS/B2YSiDXHYEARAqBCB24ORgFbGWflT819W4AxVm3uHahX6vBs7ryHkedj0idoRtV+3ZKdCZOpNrA9pzedOaNnLvU90lI2Aksf23TUpVEhcuY69oIN1rW1OIguug5lR0i6ckkVZJ0lfMtHlnfsKIbbXobMr55wxUrZBpbnbqPeThMbfwQKeonZVUhfNJPrrzXRLrsOEnFR5eaesnjQ4UVKH7X8goZg2prV9XTi2M4LDgMwsGzJsdlTh+f1hUkr0DIedMfHOBbcvHccnT+FezGcM38uoU/jM2fYI1FdeeNEtG6VDHnObplB+0ssVSBEiRkfKyTXjpVXtV/cVdgFSLvy7KBGc6Jra2h5NkPOD6PXv5ZrGi2dP+hhroRj4acSbViw7bqYaEiFkHyzkVcy1lVfXQHJXrtWFNfqgKWjinoRb3/HoqaA18xljyJx0DQFuj3cc+7q9mkHuaca66sebmdnKuFkOuQYHvBvBYA4W83y33kaVMkI5Q/KMtogNht++ZmCB6kFnXgNUwd/yNlioPtqOFopPQ4+ro0w== example@example.com\n"
            },
            "platform_config": [],
            "preemptible_instance_config": [],
            "preserve_boot_volume": null,
            "private_ip": "10.0.0.233",
            "public_ip": "140.238.139.133",
            "region": "ca-toronto-1",
            "shape": "VM.Standard.E2.1.Micro",
            "shape_config": [
              {
                "baseline_ocpu_utilization": "",
                "gpu_description": "",
                "gpus": 0,
                "local_disk_description": "",
                "local_disks": 0,
                "local_disks_total_size_in_gbs": 0,
                "max_vnic_attachments": 1,
                "memory_in_gbs": 1,
                "networking_bandwidth_in_gbps": 0.47999998927116394,
                "nvmes": 0,
                "ocpus": 1,
                "processor_description": "2.0 GHz AMD EPYC™ 7551 (Naples)"
              }
            ],
            "source_details": [
              {
                "boot_volume_size_in_gbs": "47",
                "boot_volume_vpus_per_gb": "10",
                "kms_key_id": "",
                "source_id": "ocid1.image.oc1.ca-toronto-1.aaaaaaaaybil2cgxoj2lq5nuxquiuy3efqcgi673htzptsdmbasvtrwm7sra",
                "source_type": "image"
              }
            ],
            "state": "RUNNING",
            "subnet_id": "ocid1.subnet.oc1.ca-toronto-1.aaaaaaaamsotegmgc47oufhz367fiocmzf5huk2dend573xx7dyjz47ibbga",
            "system_tags": {
              "orcl-cloud.free-tier-retained": "true"
            },
            "time_created": "2023-03-24 03:29:10.758 +0000 UTC",
            "time_maintenance_reboot_due": "",
            "timeouts": null,
            "update_operation_constraint": null
          },
          "sensitive_attributes": [],
          "private": "eyJlMmJmYjczMC1lY2FhLTExZTYtOGY4OC0zNDM2M2JjN2M0YzAiOnsiY3JlYXRlIjoyNzAwMDAwMDAwMDAwLCJkZWxldGUiOjQ1MDAwMDAwMDAwMDAsInVwZGF0ZSI6MjcwMDAwMDAwMDAwMH19",
          "dependencies": [
            "data.oci_identity_availability_domains.test_availability_domains"
          ]
        }
      ]
    }
  ],
  "check_results": null
}
