{
  "version": 4,
  "terraform_version": "1.3.7",
  "serial": 33,
  "lineage": "ffd6b9c3-aa40-b394-c267-a431cf16f985",
  "outputs": {
    "instance_id": {
      "value": "i-001d9f27088f1a107",
      "type": "string"
    },
    "instance_public_ip": {
      "value": "52.91.136.244",
      "type": "string"
    }
  },
  "resources": [
    {
      "mode": "managed",
      "type": "aws_instance",
      "name": "app_server",
      "provider": "provider[\"registry.terraform.io/hashicorp/aws\"]",
      "instances": [
        {
          "schema_version": 1,
          "attributes": {
            "ami": "ami-0b5eea76982371e91",
            "arn": "arn:aws:ec2:us-east-1:522637278217:instance/i-001d9f27088f1a107",
            "associate_public_ip_address": true,
            "availability_zone": "us-east-1e",
            "capacity_reservation_specification": [
              {
                "capacity_reservation_preference": "open",
                "capacity_reservation_target": []
              }
            ],
            "cpu_core_count": 1,
            "cpu_threads_per_core": 1,
            "credit_specification": [
              {
                "cpu_credits": "standard"
              }
            ],
            "disable_api_stop": false,
            "disable_api_termination": false,
            "ebs_block_device": [],
            "ebs_optimized": false,
            "enclave_options": [
              {
                "enabled": false
              }
            ],
            "ephemeral_block_device": [],
            "get_password_data": false,
            "hibernation": false,
            "host_id": "",
            "host_resource_group_arn": null,
            "iam_instance_profile": "",
            "id": "i-001d9f27088f1a107",
            "instance_initiated_shutdown_behavior": "stop",
            "instance_state": "running",
            "instance_type": "t2.micro",
            "ipv6_address_count": 0,
            "ipv6_addresses": [],
            "key_name": "terraform_ec2_key",
            "launch_template": [],
            "maintenance_options": [
              {
                "auto_recovery": "default"
              }
            ],
            "metadata_options": [
              {
                "http_endpoint": "enabled",
                "http_put_response_hop_limit": 1,
                "http_tokens": "optional",
                "instance_metadata_tags": "disabled"
              }
            ],
            "monitoring": false,
            "network_interface": [],
            "outpost_arn": "",
            "password_data": "",
            "placement_group": "",
            "placement_partition_number": 0,
            "primary_network_interface_id": "eni-0dd9174cb171c276d",
            "private_dns": "ip-172-31-49-221.ec2.internal",
            "private_dns_name_options": [
              {
                "enable_resource_name_dns_a_record": false,
                "enable_resource_name_dns_aaaa_record": false,
                "hostname_type": "ip-name"
              }
            ],
            "private_ip": "172.31.49.221",
            "public_dns": "ec2-52-91-136-244.compute-1.amazonaws.com",
            "public_ip": "52.91.136.244",
            "root_block_device": [
              {
                "delete_on_termination": true,
                "device_name": "/dev/xvda",
                "encrypted": false,
                "iops": 100,
                "kms_key_id": "",
                "tags": {},
                "throughput": 0,
                "volume_id": "vol-062dec4591dff3c03",
                "volume_size": 8,
                "volume_type": "gp2"
              }
            ],
            "secondary_private_ips": [],
            "security_groups": [
              "default"
            ],
            "source_dest_check": true,
            "subnet_id": "subnet-0c62bdde3e96249e3",
            "tags": {
              "Name": "InfraHouseAppServerInstance"
            },
            "tags_all": {
              "Name": "InfraHouseAppServerInstance"
            },
            "tenancy": "default",
            "timeouts": null,
            "user_data": "32d9cc92f79c15158090a3b5e9e8af6b14cf3004",
            "user_data_base64": null,
            "user_data_replace_on_change": false,
            "volume_tags": null,
            "vpc_security_group_ids": [
              "sg-0411ef64de1597708"
            ]
          },
          "sensitive_attributes": [],
          "private": "eyJlMmJmYjczMC1lY2FhLTExZTYtOGY4OC0zNDM2M2JjN2M0YzAiOnsiY3JlYXRlIjo2MDAwMDAwMDAwMDAsImRlbGV0ZSI6MTIwMDAwMDAwMDAwMCwidXBkYXRlIjo2MDAwMDAwMDAwMDB9LCJzY2hlbWFfdmVyc2lvbiI6IjEifQ==",
          "dependencies": [
            "aws_key_pair.terraform_ec2_key"
          ]
        }
      ]
    },
    {
      "mode": "managed",
      "type": "aws_key_pair",
      "name": "terraform_ec2_key",
      "provider": "provider[\"registry.terraform.io/hashicorp/aws\"]",
      "instances": [
        {
          "schema_version": 1,
          "attributes": {
            "arn": "arn:aws:ec2:us-east-1:522637278217:key-pair/terraform_ec2_key",
            "fingerprint": "98:7e:2c:f9:bf:63:16:df:77:11:b0:33:3c:ef:ae:38",
            "id": "terraform_ec2_key",
            "key_name": "terraform_ec2_key",
            "key_name_prefix": "",
            "key_pair_id": "key-00adda01728be027e",
            "key_type": "rsa",
            "public_key": "ssh-rsa AAAAB3NzaC1yc2EAAAADAQABAAACAQDJX/D/bCb7Q4n1kcymiN7Hryl+c3BUNzwvE5lBu47AwNPc3ncXR6Jaa/9m0J866rodmC6qEo454p4JZJ50JHWKSHQoKbDYxXSm6hb5WNJpmiZudzoM5GpfPtiqCXIhnLvtUWbkhRdwS/B2YSiDXHYEARAqBCB24ORgFbGWflT819W4AxVm3uHahX6vBs7ryHkedj0idoRtV+3ZKdCZOpNrA9pzedOaNnLvU90lI2Aksf23TUpVEhcuY69oIN1rW1OIguug5lR0i6ckkVZJ0lfMtHlnfsKIbbXobMr55wxUrZBpbnbqPeThMbfwQKeonZVUhfNJPrrzXRLrsOEnFR5eaesnjQ4UVKH7X8goZg2prV9XTi2M4LDgMwsGzJsdlTh+f1hUkr0DIedMfHOBbcvHccnT+FezGcM38uoU/jM2fYI1FdeeNEtG6VDHnObplB+0ssVSBEiRkfKyTXjpVXtV/cVdgFSLvy7KBGc6Jra2h5NkPOD6PXv5ZrGi2dP+hhroRj4acSbViw7bqYaEiFkHyzkVcy1lVfXQHJXrtWFNfqgKWjinoRb3/HoqaA18xljyJx0DQFuj3cc+7q9mkHuaca66sebmdnKuFkOuQYHvBvBYA4W83y33kaVMkI5Q/KMtogNht++ZmCB6kFnXgNUwd/yNlioPtqOFopPQ4+ro0w== example@example.com",
            "tags": {},
            "tags_all": {}
          },
          "sensitive_attributes": [],
          "private": "eyJzY2hlbWFfdmVyc2lvbiI6IjEifQ=="
        }
      ]
    }
  ],
  "check_results": null
}
