{
  "version": 4,
  "terraform_version": "1.3.7",
  "serial": 9,
  "lineage": "2520a8be-80fb-7d83-9a1b-b14ab52b34d8",
  "outputs": {
    "public_ip": {
      "value": "34.72.7.154",
      "type": "string"
    }
  },
  "resources": [
    {
      "mode": "managed",
      "type": "google_compute_instance",
      "name": "vm_instance",
      "provider": "provider[\"registry.terraform.io/hashicorp/google\"]",
      "instances": [
        {
          "schema_version": 6,
          "attributes": {
            "advanced_machine_features": [],
            "allow_stopping_for_update": null,
            "attached_disk": [],
            "boot_disk": [
              {
                "auto_delete": true,
                "device_name": "persistent-disk-0",
                "disk_encryption_key_raw": "",
                "disk_encryption_key_sha256": "",
                "initialize_params": [
                  {
                    "image": "https://www.googleapis.com/compute/v1/projects/ubuntu-os-cloud/global/images/ubuntu-2004-focal-v20230302",
                    "labels": {},
                    "size": 20,
                    "type": "pd-standard"
                  }
                ],
                "kms_key_self_link": "",
                "mode": "READ_WRITE",
                "source": "https://www.googleapis.com/compute/v1/projects/neat-tube-375815/zones/us-central1-a/disks/my-vm-instance"
              }
            ],
            "can_ip_forward": false,
            "confidential_instance_config": [],
            "cpu_platform": "Intel Haswell",
            "current_status": "RUNNING",
            "deletion_protection": false,
            "description": "",
            "desired_status": null,
            "enable_display": false,
            "guest_accelerator": [],
            "hostname": "",
            "id": "projects/neat-tube-375815/zones/us-central1-a/instances/my-vm-instance",
            "instance_id": "3934372389104742581",
            "label_fingerprint": "42WmSpB8rSM=",
            "labels": {},
            "machine_type": "n1-standard-1",
            "metadata": {
              "ssh-keys": "ubuntu:ssh-rsa AAAAB3NzaC1yc2EAAAADAQABAAACAQDJX/D/bCb7Q4n1kcymiN7Hryl+c3BUNzwvE5lBu47AwNPc3ncXR6Jaa/9m0J866rodmC6qEo454p4JZJ50JHWKSHQoKbDYxXSm6hb5WNJpmiZudzoM5GpfPtiqCXIhnLvtUWbkhRdwS/B2YSiDXHYEARAqBCB24ORgFbGWflT819W4AxVm3uHahX6vBs7ryHkedj0idoRtV+3ZKdCZOpNrA9pzedOaNnLvU90lI2Aksf23TUpVEhcuY69oIN1rW1OIguug5lR0i6ckkVZJ0lfMtHlnfsKIbbXobMr55wxUrZBpbnbqPeThMbfwQKeonZVUhfNJPrrzXRLrsOEnFR5eaesnjQ4UVKH7X8goZg2prV9XTi2M4LDgMwsGzJsdlTh+f1hUkr0DIedMfHOBbcvHccnT+FezGcM38uoU/jM2fYI1FdeeNEtG6VDHnObplB+0ssVSBEiRkfKyTXjpVXtV/cVdgFSLvy7KBGc6Jra2h5NkPOD6PXv5ZrGi2dP+hhroRj4acSbViw7bqYaEiFkHyzkVcy1lVfXQHJXrtWFNfqgKWjinoRb3/HoqaA18xljyJx0DQFuj3cc+7q9mkHuaca66sebmdnKuFkOuQYHvBvBYA4W83y33kaVMkI5Q/KMtogNht++ZmCB6kFnXgNUwd/yNlioPtqOFopPQ4+ro0w== example@example.com"
            },
            "metadata_fingerprint": "17M_oRZ2BEg=",
            "metadata_startup_script": null,
            "min_cpu_platform": "",
            "name": "my-vm-instance",
            "network_interface": [
              {
                "access_config": [
                  {
                    "nat_ip": "34.72.7.154",
                    "network_tier": "PREMIUM",
                    "public_ptr_domain_name": ""
                  }
                ],
                "alias_ip_range": [],
                "ipv6_access_config": [],
                "ipv6_access_type": "",
                "name": "nic0",
                "network": "https://www.googleapis.com/compute/v1/projects/neat-tube-375815/global/networks/default",
                "network_ip": "10.128.0.3",
                "nic_type": "",
                "queue_count": 0,
                "stack_type": "IPV4_ONLY",
                "subnetwork": "https://www.googleapis.com/compute/v1/projects/neat-tube-375815/regions/us-central1/subnetworks/default",
                "subnetwork_project": "neat-tube-375815"
              }
            ],
            "project": "neat-tube-375815",
            "reservation_affinity": [],
            "resource_policies": [],
            "scheduling": [
              {
                "automatic_restart": true,
                "instance_termination_action": "",
                "min_node_cpus": 0,
                "node_affinities": [],
                "on_host_maintenance": "MIGRATE",
                "preemptible": false,
                "provisioning_model": "STANDARD"
              }
            ],
            "scratch_disk": [],
            "self_link": "https://www.googleapis.com/compute/v1/projects/neat-tube-375815/zones/us-central1-a/instances/my-vm-instance",
            "service_account": [],
            "shielded_instance_config": [
              {
                "enable_integrity_monitoring": true,
                "enable_secure_boot": false,
                "enable_vtpm": true
              }
            ],
            "tags": [],
            "tags_fingerprint": "42WmSpB8rSM=",
            "timeouts": null,
            "zone": "us-central1-a"
          },
          "sensitive_attributes": [],
          "private": "eyJlMmJmYjczMC1lY2FhLTExZTYtOGY4OC0zNDM2M2JjN2M0YzAiOnsiY3JlYXRlIjoxMjAwMDAwMDAwMDAwLCJkZWxldGUiOjEyMDAwMDAwMDAwMDAsInVwZGF0ZSI6MTIwMDAwMDAwMDAwMH0sInNjaGVtYV92ZXJzaW9uIjoiNiJ9"
        }
      ]
    }
  ],
  "check_results": null
}
